github.com/cdvelop/model v0.0.18 h1:oUYBgtdLVxmI4NjZ7jL1w+K2ceXc+f8BW2Mw+6moN+0=
github.com/cdvelop/model v0.0.18/go.mod h1:0r2h8Xber0Stfa2miICUDziNM8l6JWPOA9i7zp2StLU=
golang.org/x/text v0.9.0 h1:2sjJmO8cDvYveuX97RDLsxlyUxLl+GHoLxBiRdHllBE=
golang.org/x/text v0.9.0/go.mod h1:e1OnstbJyHTd6l/uOt8jFFHp6TRDWZR/bV3emEE/zU8=
