github.com/cdvelop/model v0.0.89 h1:VgX3fjwQLNZUHcsSp7fDy/cVjP/H5HEE69U1K5W5srs=
github.com/cdvelop/model v0.0.89/go.mod h1:cYJNxbv1WV/aDgiVPV9VXs8LrbF8+0nU+X+KfSevyzw=
github.com/cdvelop/timetools v0.0.28 h1:deG3CoMbItderXCsR77aQK4t7beBocLQvollpoeZ32s=
github.com/cdvelop/timetools v0.0.28/go.mod h1:pldiqgD86bayORZC0wlEqAT8A+WxJIHvhrY899yP1e0=
